// !$*UTF8*$!
{
	archiveVersion = 1;
	classes = {
	};
	objectVersion = 50;
	objects = {

/* Begin PBXBuildFile section */
		30E4C0CB2150959C003BF4E2 /* AppDelegate.m in Sources */ = {isa = PBXBuildFile; fileRef = 30E4C0CA2150959C003BF4E2 /* AppDelegate.m */; };
		30E4C0CE2150959C003BF4E2 /* ViewController.m in Sources */ = {isa = PBXBuildFile; fileRef = 30E4C0CD2150959C003BF4E2 /* ViewController.m */; };
		30E4C0D12150959D003BF4E2 /* Main.storyboard in Resources */ = {isa = PBXBuildFile; fileRef = 30E4C0CF2150959C003BF4E2 /* Main.storyboard */; };
		30E4C0D32150959F003BF4E2 /* Assets.xcassets in Resources */ = {isa = PBXBuildFile; fileRef = 30E4C0D22150959F003BF4E2 /* Assets.xcassets */; };
		30E4C0D62150959F003BF4E2 /* LaunchScreen.storyboard in Resources */ = {isa = PBXBuildFile; fileRef = 30E4C0D42150959F003BF4E2 /* LaunchScreen.storyboard */; };
		30E4C0D92150959F003BF4E2 /* main.m in Sources */ = {isa = PBXBuildFile; fileRef = 30E4C0D82150959F003BF4E2 /* main.m */; };
		30E4C0E3215095A0003BF4E2 /* detailViewTests.m in Sources */ = {isa = PBXBuildFile; fileRef = 30E4C0E2215095A0003BF4E2 /* detailViewTests.m */; };
		30E4C0EE215095A0003BF4E2 /* detailViewUITests.m in Sources */ = {isa = PBXBuildFile; fileRef = 30E4C0ED215095A0003BF4E2 /* detailViewUITests.m */; };
/* End PBXBuildFile section */

/* Begin PBXContainerItemProxy section */
		30E4C0DF215095A0003BF4E2 /* PBXContainerItemProxy */ = {
			isa = PBXContainerItemProxy;
			containerPortal = 30E4C0BE2150959C003BF4E2 /* Project object */;
			proxyType = 1;
			remoteGlobalIDString = 30E4C0C52150959C003BF4E2;
			remoteInfo = detailView;
		};
		30E4C0EA215095A0003BF4E2 /* PBXContainerItemProxy */ = {
			isa = PBXContainerItemProxy;
			containerPortal = 30E4C0BE2150959C003BF4E2 /* Project object */;
			proxyType = 1;
			remoteGlobalIDString = 30E4C0C52150959C003BF4E2;
			remoteInfo = detailView;
		};
/* End PBXContainerItemProxy section */

/* Begin PBXFileReference section */
		30E4C0C62150959C003BF4E2 /* detailView.app */ = {isa = PBXFileReference; explicitFileType = wrapper.application; includeInIndex = 0; path = detailView.app; sourceTree = BUILT_PRODUCTS_DIR; };
		30E4C0C92150959C003BF4E2 /* AppDelegate.h */ = {isa = PBXFileReference; lastKnownFileType = sourcecode.c.h; path = AppDelegate.h; sourceTree = "<group>"; };
		30E4C0CA2150959C003BF4E2 /* AppDelegate.m */ = {isa = PBXFileReference; lastKnownFileType = sourcecode.c.objc; path = AppDelegate.m; sourceTree = "<group>"; };
		30E4C0CC2150959C003BF4E2 /* ViewController.h */ = {isa = PBXFileReference; lastKnownFileType = sourcecode.c.h; path = ViewController.h; sourceTree = "<group>"; };
		30E4C0CD2150959C003BF4E2 /* ViewController.m */ = {isa = PBXFileReference; lastKnownFileType = sourcecode.c.objc; path = ViewController.m; sourceTree = "<group>"; };
		30E4C0D02150959C003BF4E2 /* Base */ = {isa = PBXFileReference; lastKnownFileType = file.storyboard; name = Base; path = Base.lproj/Main.storyboard; sourceTree = "<group>"; };
		30E4C0D22150959F003BF4E2 /* Assets.xcassets */ = {isa = PBXFileReference; lastKnownFileType = folder.assetcatalog; path = Assets.xcassets; sourceTree = "<group>"; };
		30E4C0D52150959F003BF4E2 /* Base */ = {isa = PBXFileReference; lastKnownFileType = file.storyboard; name = Base; path = Base.lproj/LaunchScreen.storyboard; sourceTree = "<group>"; };
		30E4C0D72150959F003BF4E2 /* Info.plist */ = {isa = PBXFileReference; lastKnownFileType = text.plist.xml; path = Info.plist; sourceTree = "<group>"; };
		30E4C0D82150959F003BF4E2 /* main.m */ = {isa = PBXFileReference; lastKnownFileType = sourcecode.c.objc; path = main.m; sourceTree = "<group>"; };
		30E4C0DE215095A0003BF4E2 /* detailViewTests.xctest */ = {isa = PBXFileReference; explicitFileType = wrapper.cfbundle; includeInIndex = 0; path = detailViewTests.xctest; sourceTree = BUILT_PRODUCTS_DIR; };
		30E4C0E2215095A0003BF4E2 /* detailViewTests.m */ = {isa = PBXFileReference; lastKnownFileType = sourcecode.c.objc; path = detailViewTests.m; sourceTree = "<group>"; };
		30E4C0E4215095A0003BF4E2 /* Info.plist */ = {isa = PBXFileReference; lastKnownFileType = text.plist.xml; path = Info.plist; sourceTree = "<group>"; };
		30E4C0E9215095A0003BF4E2 /* detailViewUITests.xctest */ = {isa = PBXFileReference; explicitFileType = wrapper.cfbundle; includeInIndex = 0; path = detailViewUITests.xctest; sourceTree = BUILT_PRODUCTS_DIR; };
		30E4C0ED215095A0003BF4E2 /* detailViewUITests.m */ = {isa = PBXFileReference; lastKnownFileType = sourcecode.c.objc; path = detailViewUITests.m; sourceTree = "<group>"; };
		30E4C0EF215095A0003BF4E2 /* Info.plist */ = {isa = PBXFileReference; lastKnownFileType = text.plist.xml; path = Info.plist; sourceTree = "<group>"; };
/* End PBXFileReference section */

/* Begin PBXFrameworksBuildPhase section */
		30E4C0C32150959C003BF4E2 /* Frameworks */ = {
			isa = PBXFrameworksBuildPhase;
			buildActionMask = 2147483647;
			files = (
			);
			runOnlyForDeploymentPostprocessing = 0;
		};
		30E4C0DB215095A0003BF4E2 /* Frameworks */ = {
			isa = PBXFrameworksBuildPhase;
			buildActionMask = 2147483647;
			files = (
			);
			runOnlyForDeploymentPostprocessing = 0;
		};
		30E4C0E6215095A0003BF4E2 /* Frameworks */ = {
			isa = PBXFrameworksBuildPhase;
			buildActionMask = 2147483647;
			files = (
			);
			runOnlyForDeploymentPostprocessing = 0;
		};
/* End PBXFrameworksBuildPhase section */

/* Begin PBXGroup section */
		30E4C0BD2150959C003BF4E2 = {
			isa = PBXGroup;
			children = (
				30E4C0C82150959C003BF4E2 /* detailView */,
				30E4C0E1215095A0003BF4E2 /* detailViewTests */,
				30E4C0EC215095A0003BF4E2 /* detailViewUITests */,
				30E4C0C72150959C003BF4E2 /* Products */,
			);
			sourceTree = "<group>";
		};
		30E4C0C72150959C003BF4E2 /* Products */ = {
			isa = PBXGroup;
			children = (
				30E4C0C62150959C003BF4E2 /* detailView.app */,
				30E4C0DE215095A0003BF4E2 /* detailViewTests.xctest */,
				30E4C0E9215095A0003BF4E2 /* detailViewUITests.xctest */,
			);
			name = Products;
			sourceTree = "<group>";
		};
		30E4C0C82150959C003BF4E2 /* detailView */ = {
			isa = PBXGroup;
			children = (
				30E4C0C92150959C003BF4E2 /* AppDelegate.h */,
				30E4C0CA2150959C003BF4E2 /* AppDelegate.m */,
				30E4C0CC2150959C003BF4E2 /* ViewController.h */,
				30E4C0CD2150959C003BF4E2 /* ViewController.m */,
				30E4C0CF2150959C003BF4E2 /* Main.storyboard */,
				30E4C0D22150959F003BF4E2 /* Assets.xcassets */,
				30E4C0D42150959F003BF4E2 /* LaunchScreen.storyboard */,
				30E4C0D72150959F003BF4E2 /* Info.plist */,
				30E4C0D82150959F003BF4E2 /* main.m */,
			);
			path = detailView;
			sourceTree = "<group>";
		};
		30E4C0E1215095A0003BF4E2 /* detailViewTests */ = {
			isa = PBXGroup;
			children = (
				30E4C0E2215095A0003BF4E2 /* detailViewTests.m */,
				30E4C0E4215095A0003BF4E2 /* Info.plist */,
			);
			path = detailViewTests;
			sourceTree = "<group>";
		};
		30E4C0EC215095A0003BF4E2 /* detailViewUITests */ = {
			isa = PBXGroup;
			children = (
				30E4C0ED215095A0003BF4E2 /* detailViewUITests.m */,
				30E4C0EF215095A0003BF4E2 /* Info.plist */,
			);
			path = detailViewUITests;
			sourceTree = "<group>";
		};
/* End PBXGroup section */

/* Begin PBXNativeTarget section */
		30E4C0C52150959C003BF4E2 /* detailView */ = {
			isa = PBXNativeTarget;
			buildConfigurationList = 30E4C0F2215095A0003BF4E2 /* Build configuration list for PBXNativeTarget "detailView" */;
			buildPhases = (
				30E4C0C22150959C003BF4E2 /* Sources */,
				30E4C0C32150959C003BF4E2 /* Frameworks */,
				30E4C0C42150959C003BF4E2 /* Resources */,
			);
			buildRules = (
			);
			dependencies = (
			);
			name = detailView;
			productName = detailView;
			productReference = 30E4C0C62150959C003BF4E2 /* detailView.app */;
			productType = "com.apple.product-type.application";
		};
		30E4C0DD215095A0003BF4E2 /* detailViewTests */ = {
			isa = PBXNativeTarget;
			buildConfigurationList = 30E4C0F5215095A0003BF4E2 /* Build configuration list for PBXNativeTarget "detailViewTests" */;
			buildPhases = (
				30E4C0DA215095A0003BF4E2 /* Sources */,
				30E4C0DB215095A0003BF4E2 /* Frameworks */,
				30E4C0DC215095A0003BF4E2 /* Resources */,
			);
			buildRules = (
			);
			dependencies = (
				30E4C0E0215095A0003BF4E2 /* PBXTargetDependency */,
			);
			name = detailViewTests;
			productName = detailViewTests;
			productReference = 30E4C0DE215095A0003BF4E2 /* detailViewTests.xctest */;
			productType = "com.apple.product-type.bundle.unit-test";
		};
		30E4C0E8215095A0003BF4E2 /* detailViewUITests */ = {
			isa = PBXNativeTarget;
			buildConfigurationList = 30E4C0F8215095A0003BF4E2 /* Build configuration list for PBXNativeTarget "detailViewUITests" */;
			buildPhases = (
				30E4C0E5215095A0003BF4E2 /* Sources */,
				30E4C0E6215095A0003BF4E2 /* Frameworks */,
				30E4C0E7215095A0003BF4E2 /* Resources */,
			);
			buildRules = (
			);
			dependencies = (
				30E4C0EB215095A0003BF4E2 /* PBXTargetDependency */,
			);
			name = detailViewUITests;
			productName = detailViewUITests;
			productReference = 30E4C0E9215095A0003BF4E2 /* detailViewUITests.xctest */;
			productType = "com.apple.product-type.bundle.ui-testing";
		};
/* End PBXNativeTarget section */

/* Begin PBXProject section */
		30E4C0BE2150959C003BF4E2 /* Project object */ = {
			isa = PBXProject;
			attributes = {
				LastUpgradeCheck = 0940;
				ORGANIZATIONNAME = qiantu;
				TargetAttributes = {
					30E4C0C52150959C003BF4E2 = {
						CreatedOnToolsVersion = 9.4.1;
					};
					30E4C0DD215095A0003BF4E2 = {
						CreatedOnToolsVersion = 9.4.1;
						TestTargetID = 30E4C0C52150959C003BF4E2;
					};
					30E4C0E8215095A0003BF4E2 = {
						CreatedOnToolsVersion = 9.4.1;
						TestTargetID = 30E4C0C52150959C003BF4E2;
					};
				};
			};
			buildConfigurationList = 30E4C0C12150959C003BF4E2 /* Build configuration list for PBXProject "detailView" */;
			compatibilityVersion = "Xcode 9.3";
			developmentRegion = en;
			hasScannedForEncodings = 0;
			knownRegions = (
				en,
				Base,
			);
			mainGroup = 30E4C0BD2150959C003BF4E2;
			productRefGroup = 30E4C0C72150959C003BF4E2 /* Products */;
			projectDirPath = "";
			projectRoot = "";
			targets = (
				30E4C0C52150959C003BF4E2 /* detailView */,
				30E4C0DD215095A0003BF4E2 /* detailViewTests */,
				30E4C0E8215095A0003BF4E2 /* detailViewUITests */,
			);
		};
/* End PBXProject section */

/* Begin PBXResourcesBuildPhase section */
		30E4C0C42150959C003BF4E2 /* Resources */ = {
			isa = PBXResourcesBuildPhase;
			buildActionMask = 2147483647;
			files = (
				30E4C0D62150959F003BF4E2 /* LaunchScreen.storyboard in Resources */,
				30E4C0D32150959F003BF4E2 /* Assets.xcassets in Resources */,
				30E4C0D12150959D003BF4E2 /* Main.storyboard in Resources */,
			);
			runOnlyForDeploymentPostprocessing = 0;
		};
		30E4C0DC215095A0003BF4E2 /* Resources */ = {
			isa = PBXResourcesBuildPhase;
			buildActionMask = 2147483647;
			files = (
			);
			runOnlyForDeploymentPostprocessing = 0;
		};
		30E4C0E7215095A0003BF4E2 /* Resources */ = {
			isa = PBXResourcesBuildPhase;
			buildActionMask = 2147483647;
			files = (
			);
			runOnlyForDeploymentPostprocessing = 0;
		};
/* End PBXResourcesBuildPhase section */

/* Begin PBXSourcesBuildPhase section */
		30E4C0C22150959C003BF4E2 /* Sources */ = {
			isa = PBXSourcesBuildPhase;
			buildActionMask = 2147483647;
			files = (
				30E4C0CE2150959C003BF4E2 /* ViewController.m in Sources */,
				30E4C0D92150959F003BF4E2 /* main.m in Sources */,
				30E4C0CB2150959C003BF4E2 /* AppDelegate.m in Sources */,
			);
			runOnlyForDeploymentPostprocessing = 0;
		};
		30E4C0DA215095A0003BF4E2 /* Sources */ = {
			isa = PBXSourcesBuildPhase;
			buildActionMask = 2147483647;
			files = (
				30E4C0E3215095A0003BF4E2 /* detailViewTests.m in Sources */,
			);
			runOnlyForDeploymentPostprocessing = 0;
		};
		30E4C0E5215095A0003BF4E2 /* Sources */ = {
			isa = PBXSourcesBuildPhase;
			buildActionMask = 2147483647;
			files = (
				30E4C0EE215095A0003BF4E2 /* detailViewUITests.m in Sources */,
			);
			runOnlyForDeploymentPostprocessing = 0;
		};
/* End PBXSourcesBuildPhase section */

/* Begin PBXTargetDependency section */
		30E4C0E0215095A0003BF4E2 /* PBXTargetDependency */ = {
			isa = PBXTargetDependency;
			target = 30E4C0C52150959C003BF4E2 /* detailView */;
			targetProxy = 30E4C0DF215095A0003BF4E2 /* PBXContainerItemProxy */;
		};
		30E4C0EB215095A0003BF4E2 /* PBXTargetDependency */ = {
			isa = PBXTargetDependency;
			target = 30E4C0C52150959C003BF4E2 /* detailView */;
			targetProxy = 30E4C0EA215095A0003BF4E2 /* PBXContainerItemProxy */;
		};
/* End PBXTargetDependency section */

/* Begin PBXVariantGroup section */
		30E4C0CF2150959C003BF4E2 /* Main.storyboard */ = {
			isa = PBXVariantGroup;
			children = (
				30E4C0D02150959C003BF4E2 /* Base */,
			);
			name = Main.storyboard;
			sourceTree = "<group>";
		};
		30E4C0D42150959F003BF4E2 /* LaunchScreen.storyboard */ = {
			isa = PBXVariantGroup;
			children = (
				30E4C0D52150959F003BF4E2 /* Base */,
			);
			name = LaunchScreen.storyboard;
			sourceTree = "<group>";
		};
/* End PBXVariantGroup section */

/* Begin XCBuildConfiguration section */
		30E4C0F0215095A0003BF4E2 /* Debug */ = {
			isa = XCBuildConfiguration;
			buildSettings = {
				ALWAYS_SEARCH_USER_PATHS = NO;
				CLANG_ANALYZER_NONNULL = YES;
				CLANG_ANALYZER_NUMBER_OBJECT_CONVERSION = YES_AGGRESSIVE;
				CLANG_CXX_LANGUAGE_STANDARD = "gnu++14";
				CLANG_CXX_LIBRARY = "libc++";
				CLANG_ENABLE_MODULES = YES;
				CLANG_ENABLE_OBJC_ARC = YES;
				CLANG_ENABLE_OBJC_WEAK = YES;
				CLANG_WARN_BLOCK_CAPTURE_AUTORELEASING = YES;
				CLANG_WARN_BOOL_CONVERSION = YES;
				CLANG_WARN_COMMA = YES;
				CLANG_WARN_CONSTANT_CONVERSION = YES;
				CLANG_WARN_DEPRECATED_OBJC_IMPLEMENTATIONS = YES;
				CLANG_WARN_DIRECT_OBJC_ISA_USAGE = YES_ERROR;
				CLANG_WARN_DOCUMENTATION_COMMENTS = YES;
				CLANG_WARN_EMPTY_BODY = YES;
				CLANG_WARN_ENUM_CONVERSION = YES;
				CLANG_WARN_INFINITE_RECURSION = YES;
				CLANG_WARN_INT_CONVERSION = YES;
				CLANG_WARN_NON_LITERAL_NULL_CONVERSION = YES;
				CLANG_WARN_OBJC_IMPLICIT_RETAIN_SELF = YES;
				CLANG_WARN_OBJC_LITERAL_CONVERSION = YES;
				CLANG_WARN_OBJC_ROOT_CLASS = YES_ERROR;
				CLANG_WARN_RANGE_LOOP_ANALYSIS = YES;
				CLANG_WARN_STRICT_PROTOTYPES = YES;
				CLANG_WARN_SUSPICIOUS_MOVE = YES;
				CLANG_WARN_UNGUARDED_AVAILABILITY = YES_AGGRESSIVE;
				CLANG_WARN_UNREACHABLE_CODE = YES;
				CLANG_WARN__DUPLICATE_METHOD_MATCH = YES;
				CODE_SIGN_IDENTITY = "iPhone Developer";
				COPY_PHASE_STRIP = NO;
				DEBUG_INFORMATION_FORMAT = dwarf;
				ENABLE_STRICT_OBJC_MSGSEND = YES;
				ENABLE_TESTABILITY = YES;
				GCC_C_LANGUAGE_STANDARD = gnu11;
				GCC_DYNAMIC_NO_PIC = NO;
				GCC_NO_COMMON_BLOCKS = YES;
				GCC_OPTIMIZATION_LEVEL = 0;
				GCC_PREPROCESSOR_DEFINITIONS = (
					"DEBUG=1",
					"$(inherited)",
				);
				GCC_WARN_64_TO_32_BIT_CONVERSION = YES;
				GCC_WARN_ABOUT_RETURN_TYPE = YES_ERROR;
				GCC_WARN_UNDECLARED_SELECTOR = YES;
				GCC_WARN_UNINITIALIZED_AUTOS = YES_AGGRESSIVE;
				GCC_WARN_UNUSED_FUNCTION = YES;
				GCC_WARN_UNUSED_VARIABLE = YES;
				IPHONEOS_DEPLOYMENT_TARGET = 11.4;
				MTL_ENABLE_DEBUG_INFO = YES;
				ONLY_ACTIVE_ARCH = YES;
				SDKROOT = iphoneos;
			};
			name = Debug;
		};
		30E4C0F1215095A0003BF4E2 /* Release */ = {
			isa = XCBuildConfiguration;
			buildSettings = {
				ALWAYS_SEARCH_USER_PATHS = NO;
				CLANG_ANALYZER_NONNULL = YES;
				CLANG_ANALYZER_NUMBER_OBJECT_CONVERSION = YES_AGGRESSIVE;
				CLANG_CXX_LANGUAGE_STANDARD = "gnu++14";
				CLANG_CXX_LIBRARY = "libc++";
				CLANG_ENABLE_MODULES = YES;
				CLANG_ENABLE_OBJC_ARC = YES;
				CLANG_ENABLE_OBJC_WEAK = YES;
				CLANG_WARN_BLOCK_CAPTURE_AUTORELEASING = YES;
				CLANG_WARN_BOOL_CONVERSION = YES;
				CLANG_WARN_COMMA = YES;
				CLANG_WARN_CONSTANT_CONVERSION = YES;
				CLANG_WARN_DEPRECATED_OBJC_IMPLEMENTATIONS = YES;
				CLANG_WARN_DIRECT_OBJC_ISA_USAGE = YES_ERROR;
				CLANG_WARN_DOCUMENTATION_COMMENTS = YES;
				CLANG_WARN_EMPTY_BODY = YES;
				CLANG_WARN_ENUM_CONVERSION = YES;
				CLANG_WARN_INFINITE_RECURSION = YES;
				CLANG_WARN_INT_CONVERSION = YES;
				CLANG_WARN_NON_LITERAL_NULL_CONVERSION = YES;
				CLANG_WARN_OBJC_IMPLICIT_RETAIN_SELF = YES;
				CLANG_WARN_OBJC_LITERAL_CONVERSION = YES;
				CLANG_WARN_OBJC_ROOT_CLASS = YES_ERROR;
				CLANG_WARN_RANGE_LOOP_ANALYSIS = YES;
				CLANG_WARN_STRICT_PROTOTYPES = YES;
				CLANG_WARN_SUSPICIOUS_MOVE = YES;
				CLANG_WARN_UNGUARDED_AVAILABILITY = YES_AGGRESSIVE;
				CLANG_WARN_UNREACHABLE_CODE = YES;
				CLANG_WARN__DUPLICATE_METHOD_MATCH = YES;
				CODE_SIGN_IDENTITY = "iPhone Developer";
				COPY_PHASE_STRIP = NO;
				DEBUG_INFORMATION_FORMAT = "dwarf-with-dsym";
				ENABLE_NS_ASSERTIONS = NO;
				ENABLE_STRICT_OBJC_MSGSEND = YES;
				GCC_C_LANGUAGE_STANDARD = gnu11;
				GCC_NO_COMMON_BLOCKS = YES;
				GCC_WARN_64_TO_32_BIT_CONVERSION = YES;
				GCC_WARN_ABOUT_RETURN_TYPE = YES_ERROR;
				GCC_WARN_UNDECLARED_SELECTOR = YES;
				GCC_WARN_UNINITIALIZED_AUTOS = YES_AGGRESSIVE;
				GCC_WARN_UNUSED_FUNCTION = YES;
				GCC_WARN_UNUSED_VARIABLE = YES;
				IPHONEOS_DEPLOYMENT_TARGET = 11.4;
				MTL_ENABLE_DEBUG_INFO = NO;
				SDKROOT = iphoneos;
				VALIDATE_PRODUCT = YES;
			};
			name = Release;
		};
		30E4C0F3215095A0003BF4E2 /* Debug */ = {
			isa = XCBuildConfiguration;
			buildSettings = {
				ASSETCATALOG_COMPILER_APPICON_NAME = AppIcon;
				CODE_SIGN_STYLE = Automatic;
				DEVELOPMENT_TEAM = MJEC23A2X6;
				INFOPLIST_FILE = detailView/Info.plist;
				IPHONEOS_DEPLOYMENT_TARGET = 9.0;
				LD_RUNPATH_SEARCH_PATHS = (
					"$(inherited)",
					"@executable_path/Frameworks",
				);
				PRODUCT_BUNDLE_IDENTIFIER = com.qiantu.detailView;
				PRODUCT_NAME = "$(TARGET_NAME)";
				TARGETED_DEVICE_FAMILY = "1,2";
			};
			name = Debug;
		};
		30E4C0F4215095A0003BF4E2 /* Release */ = {
			isa = XCBuildConfiguration;
			buildSettings = {
				ASSETCATALOG_COMPILER_APPICON_NAME = AppIcon;
				CODE_SIGN_STYLE = Automatic;
				DEVELOPMENT_TEAM = MJEC23A2X6;
				INFOPLIST_FILE = detailView/Info.plist;
				IPHONEOS_DEPLOYMENT_TARGET = 9.0;
				LD_RUNPATH_SEARCH_PATHS = (
					"$(inherited)",
					"@executable_path/Frameworks",
				);
				PRODUCT_BUNDLE_IDENTIFIER = com.qiantu.detailView;
				PRODUCT_NAME = "$(TARGET_NAME)";
				TARGETED_DEVICE_FAMILY = "1,2";
			};
			name = Release;
		};
		30E4C0F6215095A0003BF4E2 /* Debug */ = {
			isa = XCBuildConfiguration;
			buildSettings = {
				BUNDLE_LOADER = "$(TEST_HOST)";
				CODE_SIGN_STYLE = Automatic;
				DEVELOPMENT_TEAM = MJEC23A2X6;
				INFOPLIST_FILE = detailViewTests/Info.plist;
				LD_RUNPATH_SEARCH_PATHS = (
					"$(inherited)",
					"@executable_path/Frameworks",
					"@loader_path/Frameworks",
				);
				PRODUCT_BUNDLE_IDENTIFIER = com.qiantu.detailViewTests;
				PRODUCT_NAME = "$(TARGET_NAME)";
				TARGETED_DEVICE_FAMILY = "1,2";
				TEST_HOST = "$(BUILT_PRODUCTS_DIR)/detailView.app/detailView";
			};
			name = Debug;
		};
		30E4C0F7215095A0003BF4E2 /* Release */ = {
			isa = XCBuildConfiguration;
			buildSettings = {
				BUNDLE_LOADER = "$(TEST_HOST)";
				CODE_SIGN_STYLE = Automatic;
				DEVELOPMENT_TEAM = MJEC23A2X6;
				INFOPLIST_FILE = detailViewTests/Info.plist;
				LD_RUNPATH_SEARCH_PATHS = (
					"$(inherited)",
					"@executable_path/Frameworks",
					"@loader_path/Frameworks",
				);
				PRODUCT_BUNDLE_IDENTIFIER = com.qiantu.detailViewTests;
				PRODUCT_NAME = "$(TARGET_NAME)";
				TARGETED_DEVICE_FAMILY = "1,2";
				TEST_HOST = "$(BUILT_PRODUCTS_DIR)/detailView.app/detailView";
			};
			name = Release;
		};
		30E4C0F9215095A0003BF4E2 /* Debug */ = {
			isa = XCBuildConfiguration;
			buildSettings = {
				CODE_SIGN_STYLE = Automatic;
				DEVELOPMENT_TEAM = MJEC23A2X6;
				INFOPLIST_FILE = detailViewUITests/Info.plist;
				LD_RUNPATH_SEARCH_PATHS = (
					"$(inherited)",
					"@executable_path/Frameworks",
					"@loader_path/Frameworks",
				);
				PRODUCT_BUNDLE_IDENTIFIER = com.qiantu.detailViewUITests;
				PRODUCT_NAME = "$(TARGET_NAME)";
				TARGETED_DEVICE_FAMILY = "1,2";
				TEST_TARGET_NAME = detailView;
			};
			name = Debug;
		};
		30E4C0FA215095A0003BF4E2 /* Release */ = {
			isa = XCBuildConfiguration;
			buildSettings = {
				CODE_SIGN_STYLE = Automatic;
				DEVELOPMENT_TEAM = MJEC23A2X6;
				INFOPLIST_FILE = detailViewUITests/Info.plist;
				LD_RUNPATH_SEARCH_PATHS = (
					"$(inherited)",
					"@executable_path/Frameworks",
					"@loader_path/Frameworks",
				);
				PRODUCT_BUNDLE_IDENTIFIER = com.qiantu.detailViewUITests;
				PRODUCT_NAME = "$(TARGET_NAME)";
				TARGETED_DEVICE_FAMILY = "1,2";
				TEST_TARGET_NAME = detailView;
			};
			name = Release;
		};
/* End XCBuildConfiguration section */

/* Begin XCConfigurationList section */
		30E4C0C12150959C003BF4E2 /* Build configuration list for PBXProject "detailView" */ = {
			isa = XCConfigurationList;
			buildConfigurations = (
				30E4C0F0215095A0003BF4E2 /* Debug */,
				30E4C0F1215095A0003BF4E2 /* Release */,
			);
			defaultConfigurationIsVisible = 0;
			defaultConfigurationName = Release;
		};
		30E4C0F2215095A0003BF4E2 /* Build configuration list for PBXNativeTarget "detailView" */ = {
			isa = XCConfigurationList;
			buildConfigurations = (
				30E4C0F3215095A0003BF4E2 /* Debug */,
				30E4C0F4215095A0003BF4E2 /* Release */,
			);
			defaultConfigurationIsVisible = 0;
			defaultConfigurationName = Release;
		};
		30E4C0F5215095A0003BF4E2 /* Build configuration list for PBXNativeTarget "detailViewTests" */ = {
			isa = XCConfigurationList;
			buildConfigurations = (
				30E4C0F6215095A0003BF4E2 /* Debug */,
				30E4C0F7215095A0003BF4E2 /* Release */,
			);
			defaultConfigurationIsVisible = 0;
			defaultConfigurationName = Release;
		};
		30E4C0F8215095A0003BF4E2 /* Build configuration list for PBXNativeTarget "detailViewUITests" */ = {
			isa = XCConfigurationList;
			buildConfigurations = (
				30E4C0F9215095A0003BF4E2 /* Debug */,
				30E4C0FA215095A0003BF4E2 /* Release */,
			);
			defaultConfigurationIsVisible = 0;
			defaultConfigurationName = Release;
		};
/* End XCConfigurationList section */
	};
	rootObject = 30E4C0BE2150959C003BF4E2 /* Project object */;
}
